
Microsoft Visual Studio Solution File, Format Version 12.00
# Visual Studio Version 17
VisualStudioVersion = 17.2.32630.192
MinimumVisualStudioVersion = 10.0.40219.1
Project("{FAE04EC0-301F-11D3-BF4B-00C04F79EFBC}") = "Beginners_CRUD_EvtApi", "Beginners_CRUD_EvtApi\Beginners_CRUD_EvtApi.csproj", "{8D8A5748-ECDF-41FC-A865-6FD804D4086B}"
EndProject
Global
	GlobalSection(SolutionConfigurationPlatforms) = preSolution
		Debug|Any CPU = Debug|Any CPU
		Release|Any CPU = Release|Any CPU
	EndGlobalSection
	GlobalSection(ProjectConfigurationPlatforms) = postSolution
		{8D8A5748-ECDF-41FC-A865-6FD804D4086B}.Debug|Any CPU.ActiveCfg = Debug|Any CPU
		{8D8A5748-ECDF-41FC-A865-6FD804D4086B}.Debug|Any CPU.Build.0 = Debug|Any CPU
		{8D8A5748-ECDF-41FC-A865-6FD804D4086B}.Release|Any CPU.ActiveCfg = Release|Any CPU
		{8D8A5748-ECDF-41FC-A865-6FD804D4086B}.Release|Any CPU.Build.0 = Release|Any CPU
	EndGlobalSection
	GlobalSection(SolutionProperties) = preSolution
		HideSolutionNode = FALSE
	EndGlobalSection
	GlobalSection(ExtensibilityGlobals) = postSolution
		SolutionGuid = {4F73E19C-A6D6-4F5E-937F-0111E57920F0}
	EndGlobalSection
EndGlobal
